
Microsoft Visual Studio Solution File, Format Version 12.00
# Visual Studio Version 16
VisualStudioVersion = 16.0.31005.135
MinimumVisualStudioVersion = 10.0.40219.1
Project("{9A19103F-16F7-4668-BE54-9A1E7A4F7556}") = "_GameOfSquirrels", "_GameOfSquirrels\_GameOfSquirrels.csproj", "{525287BF-63E0-4C78-B45B-D3E3D2BB6E7B}"
EndProject
Project("{FAE04EC0-301F-11D3-BF4B-00C04F79EFBC}") = "GameOfSquirrel.Testing", "NUnitTestProject1\GameOfSquirrel.Testing.csproj", "{1A6A89CB-6D1B-4F7C-8D4A-5D353C2F4711}"
EndProject
Global
	GlobalSection(SolutionConfigurationPlatforms) = preSolution
		Debug|Any CPU = Debug|Any CPU
		Release|Any CPU = Release|Any CPU
	EndGlobalSection
	GlobalSection(ProjectConfigurationPlatforms) = postSolution
		{525287BF-63E0-4C78-B45B-D3E3D2BB6E7B}.Debug|Any CPU.ActiveCfg = Debug|Any CPU
		{525287BF-63E0-4C78-B45B-D3E3D2BB6E7B}.Debug|Any CPU.Build.0 = Debug|Any CPU
		{525287BF-63E0-4C78-B45B-D3E3D2BB6E7B}.Release|Any CPU.ActiveCfg = Release|Any CPU
		{525287BF-63E0-4C78-B45B-D3E3D2BB6E7B}.Release|Any CPU.Build.0 = Release|Any CPU
		{1A6A89CB-6D1B-4F7C-8D4A-5D353C2F4711}.Debug|Any CPU.ActiveCfg = Debug|Any CPU
		{1A6A89CB-6D1B-4F7C-8D4A-5D353C2F4711}.Debug|Any CPU.Build.0 = Debug|Any CPU
		{1A6A89CB-6D1B-4F7C-8D4A-5D353C2F4711}.Release|Any CPU.ActiveCfg = Release|Any CPU
		{1A6A89CB-6D1B-4F7C-8D4A-5D353C2F4711}.Release|Any CPU.Build.0 = Release|Any CPU
	EndGlobalSection
	GlobalSection(SolutionProperties) = preSolution
		HideSolutionNode = FALSE
	EndGlobalSection
	GlobalSection(ExtensibilityGlobals) = postSolution
		SolutionGuid = {DEC0E3F4-1447-4F76-8E90-BFCDA515934E}
	EndGlobalSection
EndGlobal
